Microsoft Visual Studio Solution File, Format Version 12.00
# Visual Studio Version 16
VisualStudioVersion = 16.0.28803.352
MinimumVisualStudioVersion = 10.0.40219.1
Project("{9A19103F-16F7-4668-BE54-9A1E7A4F7556}") = "Tide.Ork", "Tide.Ork\Tide.Ork.csproj", "{25323717-F2E6-4263-81C4-4046703E07F6}"
EndProject
Project("{2150E333-8FDC-42A3-9474-1A3956D46DE8}") = "Tide.Contracts", "Tide.Contracts", "{84201A0E-9462-4968-9398-1E025007A57F}"
EndProject
Project("{2150E333-8FDC-42A3-9474-1A3956D46DE8}") = "authentication", "authentication", "{C499C7CF-00EC-488F-85F5-B90F2F7674CA}"
	ProjectSection(SolutionItems) = preProject
		Tide.Contracts\authentication\authentication.cpp = Tide.Contracts\authentication\authentication.cpp
	EndProjectSection
EndProject
Project("{9A19103F-16F7-4668-BE54-9A1E7A4F7556}") = "Tide.Library", "Tide.Library\Tide.Library.csproj", "{E07BF522-62EB-49BC-8395-187F68F73675}"
EndProject
Project("{2150E333-8FDC-42A3-9474-1A3956D46DE8}") = "vendor", "vendor", "{8DA54851-7E69-4882-8471-7D0D3ED58562}"
	ProjectSection(SolutionItems) = preProject
		Tide.Contracts\vendors\vendors.cpp = Tide.Contracts\vendors\vendors.cpp
	EndProjectSection
EndProject
Project("{9A19103F-16F7-4668-BE54-9A1E7A4F7556}") = "Tide.Master", "Tide.Master\Tide.Master.csproj", "{0C0A222A-F5BA-424D-B9CF-7EC6FC42603D}"
EndProject
Project("{9A19103F-16F7-4668-BE54-9A1E7A4F7556}") = "Tide.BlockchainSimulator", "Tide.BlockchainSimulator\Tide.BlockchainSimulator.csproj", "{9656E975-D468-4981-9A49-E61640E2FB77}"
EndProject
Global
	GlobalSection(SolutionConfigurationPlatforms) = preSolution
		Debug|Any CPU = Debug|Any CPU
		Release|Any CPU = Release|Any CPU
	EndGlobalSection
	GlobalSection(ProjectConfigurationPlatforms) = postSolution
		{25323717-F2E6-4263-81C4-4046703E07F6}.Debug|Any CPU.ActiveCfg = Debug|Any CPU
		{25323717-F2E6-4263-81C4-4046703E07F6}.Debug|Any CPU.Build.0 = Debug|Any CPU
		{25323717-F2E6-4263-81C4-4046703E07F6}.Release|Any CPU.ActiveCfg = Release|Any CPU
		{25323717-F2E6-4263-81C4-4046703E07F6}.Release|Any CPU.Build.0 = Release|Any CPU
		{E07BF522-62EB-49BC-8395-187F68F73675}.Debug|Any CPU.ActiveCfg = Debug|Any CPU
		{E07BF522-62EB-49BC-8395-187F68F73675}.Debug|Any CPU.Build.0 = Debug|Any CPU
		{E07BF522-62EB-49BC-8395-187F68F73675}.Release|Any CPU.ActiveCfg = Release|Any CPU
		{E07BF522-62EB-49BC-8395-187F68F73675}.Release|Any CPU.Build.0 = Release|Any CPU
		{0C0A222A-F5BA-424D-B9CF-7EC6FC42603D}.Debug|Any CPU.ActiveCfg = Debug|Any CPU
		{0C0A222A-F5BA-424D-B9CF-7EC6FC42603D}.Debug|Any CPU.Build.0 = Debug|Any CPU
		{0C0A222A-F5BA-424D-B9CF-7EC6FC42603D}.Release|Any CPU.ActiveCfg = Release|Any CPU
		{0C0A222A-F5BA-424D-B9CF-7EC6FC42603D}.Release|Any CPU.Build.0 = Release|Any CPU
		{9656E975-D468-4981-9A49-E61640E2FB77}.Debug|Any CPU.ActiveCfg = Debug|Any CPU
		{9656E975-D468-4981-9A49-E61640E2FB77}.Debug|Any CPU.Build.0 = Debug|Any CPU
		{9656E975-D468-4981-9A49-E61640E2FB77}.Release|Any CPU.ActiveCfg = Release|Any CPU
		{9656E975-D468-4981-9A49-E61640E2FB77}.Release|Any CPU.Build.0 = Release|Any CPU
	EndGlobalSection
	GlobalSection(SolutionProperties) = preSolution
		HideSolutionNode = FALSE
	EndGlobalSection
	GlobalSection(NestedProjects) = preSolution
		{C499C7CF-00EC-488F-85F5-B90F2F7674CA} = {84201A0E-9462-4968-9398-1E025007A57F}
		{8DA54851-7E69-4882-8471-7D0D3ED58562} = {84201A0E-9462-4968-9398-1E025007A57F}
	EndGlobalSection
	GlobalSection(ExtensibilityGlobals) = postSolution
		SolutionGuid = {5C144838-5A05-4F58-9056-2E3971FFC977}
	EndGlobalSection
EndGlobal
