Microsoft Visual Studio Solution File, Format Version 12.00
# Visual Studio Version 16
VisualStudioVersion = 16.0.28803.352
MinimumVisualStudioVersion = 10.0.40219.1
Project("{9A19103F-16F7-4668-BE54-9A1E7A4F7556}") = "Tide.Vendor", "Tide.Vendor\Tide.Vendor.csproj", "{D486B8F8-FE53-46A6-8852-94380C321726}"
EndProject
Project("{9A19103F-16F7-4668-BE54-9A1E7A4F7556}") = "Tide.Ork", "Tide.Ork\Tide.Ork.csproj", "{25323717-F2E6-4263-81C4-4046703E07F6}"
EndProject
Project("{9A19103F-16F7-4668-BE54-9A1E7A4F7556}") = "Tide.Simulator", "Tide.Simulator\Tide.Simulator.csproj", "{8FC24724-B788-44CE-AA1E-EC6D67D8B50C}"
EndProject
Project("{9A19103F-16F7-4668-BE54-9A1E7A4F7556}") = "Tide.Core", "Tide.Core\Tide.Core.csproj", "{6317E2AE-BA30-4518-B98B-69F5DD969E39}"
EndProject
Project("{9A19103F-16F7-4668-BE54-9A1E7A4F7556}") = "Tide.VendorSdk", "Tide.VendorSdk\Tide.VendorSdk.csproj", "{C105E453-F8C0-4B85-9FAA-11111D2ED2FA}"
EndProject
Project("{FAE04EC0-301F-11D3-BF4B-00C04F79EFBC}") = "Tide.Ork.Test", "Tide.Ork.Test\Tide.Ork.Test.csproj", "{DEDE8D7C-2D7D-46C1-9A61-15EFDCABE8F4}"
EndProject
Global
	GlobalSection(SolutionConfigurationPlatforms) = preSolution
		Debug|Any CPU = Debug|Any CPU
		Release|Any CPU = Release|Any CPU
	EndGlobalSection
	GlobalSection(ProjectConfigurationPlatforms) = postSolution
		{D486B8F8-FE53-46A6-8852-94380C321726}.Debug|Any CPU.ActiveCfg = Debug|Any CPU
		{D486B8F8-FE53-46A6-8852-94380C321726}.Debug|Any CPU.Build.0 = Debug|Any CPU
		{D486B8F8-FE53-46A6-8852-94380C321726}.Release|Any CPU.ActiveCfg = Release|Any CPU
		{D486B8F8-FE53-46A6-8852-94380C321726}.Release|Any CPU.Build.0 = Release|Any CPU
		{25323717-F2E6-4263-81C4-4046703E07F6}.Debug|Any CPU.ActiveCfg = Debug|Any CPU
		{25323717-F2E6-4263-81C4-4046703E07F6}.Debug|Any CPU.Build.0 = Debug|Any CPU
		{25323717-F2E6-4263-81C4-4046703E07F6}.Release|Any CPU.ActiveCfg = Release|Any CPU
		{25323717-F2E6-4263-81C4-4046703E07F6}.Release|Any CPU.Build.0 = Release|Any CPU
		{8FC24724-B788-44CE-AA1E-EC6D67D8B50C}.Debug|Any CPU.ActiveCfg = Debug|Any CPU
		{8FC24724-B788-44CE-AA1E-EC6D67D8B50C}.Debug|Any CPU.Build.0 = Debug|Any CPU
		{8FC24724-B788-44CE-AA1E-EC6D67D8B50C}.Release|Any CPU.ActiveCfg = Release|Any CPU
		{8FC24724-B788-44CE-AA1E-EC6D67D8B50C}.Release|Any CPU.Build.0 = Release|Any CPU
		{6317E2AE-BA30-4518-B98B-69F5DD969E39}.Debug|Any CPU.ActiveCfg = Debug|Any CPU
		{6317E2AE-BA30-4518-B98B-69F5DD969E39}.Debug|Any CPU.Build.0 = Debug|Any CPU
		{6317E2AE-BA30-4518-B98B-69F5DD969E39}.Release|Any CPU.ActiveCfg = Release|Any CPU
		{6317E2AE-BA30-4518-B98B-69F5DD969E39}.Release|Any CPU.Build.0 = Release|Any CPU
		{C105E453-F8C0-4B85-9FAA-11111D2ED2FA}.Debug|Any CPU.ActiveCfg = Debug|Any CPU
		{C105E453-F8C0-4B85-9FAA-11111D2ED2FA}.Debug|Any CPU.Build.0 = Debug|Any CPU
		{C105E453-F8C0-4B85-9FAA-11111D2ED2FA}.Release|Any CPU.ActiveCfg = Release|Any CPU
		{C105E453-F8C0-4B85-9FAA-11111D2ED2FA}.Release|Any CPU.Build.0 = Release|Any CPU
		{DEDE8D7C-2D7D-46C1-9A61-15EFDCABE8F4}.Debug|Any CPU.ActiveCfg = Debug|Any CPU
		{DEDE8D7C-2D7D-46C1-9A61-15EFDCABE8F4}.Debug|Any CPU.Build.0 = Debug|Any CPU
		{DEDE8D7C-2D7D-46C1-9A61-15EFDCABE8F4}.Release|Any CPU.ActiveCfg = Release|Any CPU
		{DEDE8D7C-2D7D-46C1-9A61-15EFDCABE8F4}.Release|Any CPU.Build.0 = Release|Any CPU
	EndGlobalSection
	GlobalSection(SolutionProperties) = preSolution
		HideSolutionNode = FALSE
	EndGlobalSection
	GlobalSection(ExtensibilityGlobals) = postSolution
		SolutionGuid = {5C144838-5A05-4F58-9056-2E3971FFC977}
	EndGlobalSection
EndGlobal
